
Microsoft Visual Studio Solution File, Format Version 12.00
# Visual Studio Version 16
VisualStudioVersion = 16.0.29215.179
MinimumVisualStudioVersion = 10.0.40219.1
Project("{2150E333-8FDC-42A3-9474-1A3956D46DE8}") = "ApiGateway", "ApiGateway", "{D72E4BAC-4129-4BF4-9841-15F9585DDB74}"
EndProject
Project("{2150E333-8FDC-42A3-9474-1A3956D46DE8}") = "Logger", "Logger", "{EF35A7E1-7D97-4C87-95F0-480A13317EB4}"
EndProject
Project("{9A19103F-16F7-4668-BE54-9A1E7A4F7556}") = "ApiGatewayService", "ApiGateway\ApiGatewayService.csproj", "{802AA497-6E64-4C7B-8463-313A55D50A02}"
EndProject
Project("{2150E333-8FDC-42A3-9474-1A3956D46DE8}") = "Tests", "Tests", "{45FAC88C-3E78-4800-9D17-AB3C0156E9CE}"
EndProject
Project("{9A19103F-16F7-4668-BE54-9A1E7A4F7556}") = "LoggerService", "Logger\LoggerService.csproj", "{164D92F6-9023-4C25-ACA8-81DF3D582E4B}"
EndProject
Project("{9A19103F-16F7-4668-BE54-9A1E7A4F7556}") = "ApiGatewayUnit", "Tests\ApiGatewayUnit\ApiGatewayUnit.csproj", "{91F127D2-D7C5-41C3-AE0F-3C17FC85D62A}"
EndProject
Project("{2150E333-8FDC-42A3-9474-1A3956D46DE8}") = "Search", "Search", "{CFCE4E58-8A39-44D2-815A-1F330194E68B}"
EndProject
Project("{9A19103F-16F7-4668-BE54-9A1E7A4F7556}") = "SearchService", "SearchService\SearchService.csproj", "{6D2CB76A-D93A-41FA-878B-7A57EFB2F98B}"
EndProject
Global
	GlobalSection(SolutionConfigurationPlatforms) = preSolution
		Debug|Any CPU = Debug|Any CPU
		Release|Any CPU = Release|Any CPU
	EndGlobalSection
	GlobalSection(ProjectConfigurationPlatforms) = postSolution
		{802AA497-6E64-4C7B-8463-313A55D50A02}.Debug|Any CPU.ActiveCfg = Debug|Any CPU
		{802AA497-6E64-4C7B-8463-313A55D50A02}.Debug|Any CPU.Build.0 = Debug|Any CPU
		{802AA497-6E64-4C7B-8463-313A55D50A02}.Release|Any CPU.ActiveCfg = Release|Any CPU
		{802AA497-6E64-4C7B-8463-313A55D50A02}.Release|Any CPU.Build.0 = Release|Any CPU
		{164D92F6-9023-4C25-ACA8-81DF3D582E4B}.Debug|Any CPU.ActiveCfg = Debug|Any CPU
		{164D92F6-9023-4C25-ACA8-81DF3D582E4B}.Debug|Any CPU.Build.0 = Debug|Any CPU
		{164D92F6-9023-4C25-ACA8-81DF3D582E4B}.Release|Any CPU.ActiveCfg = Release|Any CPU
		{164D92F6-9023-4C25-ACA8-81DF3D582E4B}.Release|Any CPU.Build.0 = Release|Any CPU
		{91F127D2-D7C5-41C3-AE0F-3C17FC85D62A}.Debug|Any CPU.ActiveCfg = Debug|Any CPU
		{91F127D2-D7C5-41C3-AE0F-3C17FC85D62A}.Debug|Any CPU.Build.0 = Debug|Any CPU
		{91F127D2-D7C5-41C3-AE0F-3C17FC85D62A}.Release|Any CPU.ActiveCfg = Release|Any CPU
		{91F127D2-D7C5-41C3-AE0F-3C17FC85D62A}.Release|Any CPU.Build.0 = Release|Any CPU
		{6D2CB76A-D93A-41FA-878B-7A57EFB2F98B}.Debug|Any CPU.ActiveCfg = Debug|Any CPU
		{6D2CB76A-D93A-41FA-878B-7A57EFB2F98B}.Debug|Any CPU.Build.0 = Debug|Any CPU
		{6D2CB76A-D93A-41FA-878B-7A57EFB2F98B}.Release|Any CPU.ActiveCfg = Release|Any CPU
		{6D2CB76A-D93A-41FA-878B-7A57EFB2F98B}.Release|Any CPU.Build.0 = Release|Any CPU
	EndGlobalSection
	GlobalSection(SolutionProperties) = preSolution
		HideSolutionNode = FALSE
	EndGlobalSection
	GlobalSection(NestedProjects) = preSolution
		{802AA497-6E64-4C7B-8463-313A55D50A02} = {D72E4BAC-4129-4BF4-9841-15F9585DDB74}
		{164D92F6-9023-4C25-ACA8-81DF3D582E4B} = {EF35A7E1-7D97-4C87-95F0-480A13317EB4}
		{91F127D2-D7C5-41C3-AE0F-3C17FC85D62A} = {45FAC88C-3E78-4800-9D17-AB3C0156E9CE}
		{6D2CB76A-D93A-41FA-878B-7A57EFB2F98B} = {CFCE4E58-8A39-44D2-815A-1F330194E68B}
	EndGlobalSection
	GlobalSection(ExtensibilityGlobals) = postSolution
		SolutionGuid = {C7025632-55F9-4C47-BA68-E63501F34734}
	EndGlobalSection
EndGlobal
