
Microsoft Visual Studio Solution File, Format Version 12.00
# Visual Studio Version 16
VisualStudioVersion = 16.0.30621.155
MinimumVisualStudioVersion = 10.0.40219.1
Project("{FAE04EC0-301F-11D3-BF4B-00C04F79EFBC}") = "LoggerService", "LoggerService.csproj", "{42E86EE5-C5AE-497D-9993-94B67D7B829C}"
EndProject
Global
	GlobalSection(SolutionConfigurationPlatforms) = preSolution
		Debug|Any CPU = Debug|Any CPU
		Release|Any CPU = Release|Any CPU
	EndGlobalSection
	GlobalSection(ProjectConfigurationPlatforms) = postSolution
		{42E86EE5-C5AE-497D-9993-94B67D7B829C}.Debug|Any CPU.ActiveCfg = Debug|Any CPU
		{42E86EE5-C5AE-497D-9993-94B67D7B829C}.Debug|Any CPU.Build.0 = Debug|Any CPU
		{42E86EE5-C5AE-497D-9993-94B67D7B829C}.Release|Any CPU.ActiveCfg = Release|Any CPU
		{42E86EE5-C5AE-497D-9993-94B67D7B829C}.Release|Any CPU.Build.0 = Release|Any CPU
	EndGlobalSection
	GlobalSection(SolutionProperties) = preSolution
		HideSolutionNode = FALSE
	EndGlobalSection
	GlobalSection(ExtensibilityGlobals) = postSolution
		SolutionGuid = {6AD4EB83-7E2F-4C24-91E0-CB3BA7D7DC3D}
	EndGlobalSection
EndGlobal
